
Microsoft Visual Studio Solution File, Format Version 12.00
# Visual Studio Version 17
VisualStudioVersion = 17.12.35514.174
MinimumVisualStudioVersion = 10.0.40219.1
Project("{FAE04EC0-301F-11D3-BF4B-00C04F79EFBC}") = "Chapter01", "Chapter01\Chapter01.csproj", "{78690793-1244-43C9-8440-69222BE48495}"
	ProjectSection(ProjectDependencies) = postProject
		{2D536894-0029-4A25-8CB4-720B3DF8E079} = {2D536894-0029-4A25-8CB4-720B3DF8E079}
		{5084BFCB-9CC9-435A-B655-9E70B3FEDF69} = {5084BFCB-9CC9-435A-B655-9E70B3FEDF69}
		{AD2A5A48-55E2-4F07-81AF-406C972F9412} = {AD2A5A48-55E2-4F07-81AF-406C972F9412}
	EndProjectSection
EndProject
Project("{2150E333-8FDC-42A3-9474-1A3956D46DE8}") = "Solution Items", "Solution Items", "{24995105-547F-4139-97EF-A0EC7B4C32B8}"
	ProjectSection(SolutionItems) = preProject
		notes.txt = notes.txt
	EndProjectSection
EndProject
Project("{FAE04EC0-301F-11D3-BF4B-00C04F79EFBC}") = "Chapter30.API", "Chapter30.API\Chapter30.API.csproj", "{0BADB798-B2D5-4EF6-8FD1-988DEDBE1D86}"
EndProject
Project("{FAE04EC0-301F-11D3-BF4B-00C04F79EFBC}") = "Chapter30.MVC", "Chapter30.MVC\Chapter30.MVC.csproj", "{2E41C963-C255-4F24-B667-85DBA64B9037}"
EndProject
Project("{FAE04EC0-301F-11D3-BF4B-00C04F79EFBC}") = "Chapter30.Web", "Chapter30.Web\Chapter30.Web.csproj", "{876117EE-16D0-46B1-84E2-0EF25BF51899}"
EndProject
Project("{FAE04EC0-301F-11D3-BF4B-00C04F79EFBC}") = "Chapter30.Services", "Chapter30.Services\Chapter30.Services.csproj", "{466C840E-7C60-4C39-964D-7C16EF747102}"
EndProject
Project("{FAE04EC0-301F-11D3-BF4B-00C04F79EFBC}") = "Chapter04", "Chapter04\Chapter04.csproj", "{5C18074A-633D-424D-913C-0A1EEDDC8EF2}"
EndProject
Project("{FAE04EC0-301F-11D3-BF4B-00C04F79EFBC}") = "Chapter05", "Chapter05\Chapter05.csproj", "{D174FA72-7243-493D-AC38-8BC0A079463C}"
EndProject
Project("{FAE04EC0-301F-11D3-BF4B-00C04F79EFBC}") = "Chapter06", "Chapter06\Chapter06.csproj", "{A08AE60B-EBBB-44C1-890C-3B6AB6D0DB01}"
EndProject
Project("{FAE04EC0-301F-11D3-BF4B-00C04F79EFBC}") = "Chapter08", "Chapter07\Chapter08.csproj", "{99FF11DB-D1A1-4B67-A0C5-9EC9E83E15FA}"
EndProject
Project("{FAE04EC0-301F-11D3-BF4B-00C04F79EFBC}") = "Chapter09", "Chapter09\Chapter09.csproj", "{18183B54-0B1D-4BC1-AC39-3AF7688CA040}"
EndProject
Project("{FAE04EC0-301F-11D3-BF4B-00C04F79EFBC}") = "Chapter10", "Chapter10\Chapter10.csproj", "{61D6B32C-122D-4142-AB39-EDDB8771A12D}"
EndProject
Project("{FAE04EC0-301F-11D3-BF4B-00C04F79EFBC}") = "Chapter11", "Chapter11\Chapter11.csproj", "{3A1E28FB-72DA-4153-B467-F8FFA266055C}"
EndProject
Project("{FAE04EC0-301F-11D3-BF4B-00C04F79EFBC}") = "Chapter12", "Chapter12\Chapter12.csproj", "{5F9183FF-F83E-4E4C-8955-A6759FF8DCD3}"
EndProject
Project("{FAE04EC0-301F-11D3-BF4B-00C04F79EFBC}") = "Chapter12_Events", "Chapter12_Events\Chapter12_Events.csproj", "{E45CBF43-FD9B-4E50-8633-04523888E2A5}"
EndProject
Project("{FAE04EC0-301F-11D3-BF4B-00C04F79EFBC}") = "Chapter13", "Chapter13\Chapter13.csproj", "{4E8A8B2B-ADF1-45DE-A840-C01BE6DF1CAF}"
EndProject
Project("{FAE04EC0-301F-11D3-BF4B-00C04F79EFBC}") = "Chapter14", "Chapter14\Chapter14.csproj", "{D27A6431-B9A1-4C59-BEB8-EB6A30345312}"
EndProject
Project("{FAE04EC0-301F-11D3-BF4B-00C04F79EFBC}") = "Chapter14_ClassLibrary1", "Chapter14_ClassLibrary1\Chapter14_ClassLibrary1.csproj", "{3448CCAC-E3B3-4046-87AF-1644BE59F6A7}"
EndProject
Project("{FAE04EC0-301F-11D3-BF4B-00C04F79EFBC}") = "Chapter15", "Chapter15\Chapter15.csproj", "{369E6BC9-7D5B-4D3D-8D6E-C0BC4F8A1723}"
EndProject
Project("{FAE04EC0-301F-11D3-BF4B-00C04F79EFBC}") = "Chapter17", "Chapter16\Chapter17.csproj", "{D2DC29D9-DFBE-4EAA-AD74-CB80AC6BDA08}"
EndProject
Project("{FAE04EC0-301F-11D3-BF4B-00C04F79EFBC}") = "Chapter17_CommonSnappableTypes", "Chapter17_CommonSnappableTypes\Chapter17_CommonSnappableTypes.csproj", "{2D536894-0029-4A25-8CB4-720B3DF8E079}"
EndProject
Project("{FAE04EC0-301F-11D3-BF4B-00C04F79EFBC}") = "Chapter17_CSharpSnapIn", "Chapter17_CSharpSnapIn\Chapter17_CSharpSnapIn.csproj", "{AD2A5A48-55E2-4F07-81AF-406C972F9412}"
EndProject
Project("{F184B08F-C81C-45F6-A57F-5ABD9991F28F}") = "Chapter17_VBSnapIn", "Chapter17_VBSnapIn\Chapter17_VBSnapIn.vbproj", "{5084BFCB-9CC9-435A-B655-9E70B3FEDF69}"
EndProject
Project("{FAE04EC0-301F-11D3-BF4B-00C04F79EFBC}") = "Chapter17_MyExtendableApp", "Chapter17_MyExtendableApp\Chapter17_MyExtendableApp.csproj", "{0438F498-3CF3-4E2F-821E-50AB0409B5C4}"
EndProject
Project("{FAE04EC0-301F-11D3-BF4B-00C04F79EFBC}") = "Chapter19", "Chapter18\Chapter19.csproj", "{3A37C587-4A42-42EF-9704-897E55E0CD20}"
EndProject
Global
	GlobalSection(SolutionConfigurationPlatforms) = preSolution
		Debug|Any CPU = Debug|Any CPU
		Release|Any CPU = Release|Any CPU
	EndGlobalSection
	GlobalSection(ProjectConfigurationPlatforms) = postSolution
		{78690793-1244-43C9-8440-69222BE48495}.Debug|Any CPU.ActiveCfg = Debug|Any CPU
		{78690793-1244-43C9-8440-69222BE48495}.Debug|Any CPU.Build.0 = Debug|Any CPU
		{78690793-1244-43C9-8440-69222BE48495}.Release|Any CPU.ActiveCfg = Release|Any CPU
		{78690793-1244-43C9-8440-69222BE48495}.Release|Any CPU.Build.0 = Release|Any CPU
		{0BADB798-B2D5-4EF6-8FD1-988DEDBE1D86}.Debug|Any CPU.ActiveCfg = Debug|Any CPU
		{0BADB798-B2D5-4EF6-8FD1-988DEDBE1D86}.Debug|Any CPU.Build.0 = Debug|Any CPU
		{0BADB798-B2D5-4EF6-8FD1-988DEDBE1D86}.Release|Any CPU.ActiveCfg = Release|Any CPU
		{0BADB798-B2D5-4EF6-8FD1-988DEDBE1D86}.Release|Any CPU.Build.0 = Release|Any CPU
		{2E41C963-C255-4F24-B667-85DBA64B9037}.Debug|Any CPU.ActiveCfg = Debug|Any CPU
		{2E41C963-C255-4F24-B667-85DBA64B9037}.Debug|Any CPU.Build.0 = Debug|Any CPU
		{2E41C963-C255-4F24-B667-85DBA64B9037}.Release|Any CPU.ActiveCfg = Release|Any CPU
		{2E41C963-C255-4F24-B667-85DBA64B9037}.Release|Any CPU.Build.0 = Release|Any CPU
		{876117EE-16D0-46B1-84E2-0EF25BF51899}.Debug|Any CPU.ActiveCfg = Debug|Any CPU
		{876117EE-16D0-46B1-84E2-0EF25BF51899}.Debug|Any CPU.Build.0 = Debug|Any CPU
		{876117EE-16D0-46B1-84E2-0EF25BF51899}.Release|Any CPU.ActiveCfg = Release|Any CPU
		{876117EE-16D0-46B1-84E2-0EF25BF51899}.Release|Any CPU.Build.0 = Release|Any CPU
		{466C840E-7C60-4C39-964D-7C16EF747102}.Debug|Any CPU.ActiveCfg = Debug|Any CPU
		{466C840E-7C60-4C39-964D-7C16EF747102}.Debug|Any CPU.Build.0 = Debug|Any CPU
		{466C840E-7C60-4C39-964D-7C16EF747102}.Release|Any CPU.ActiveCfg = Release|Any CPU
		{466C840E-7C60-4C39-964D-7C16EF747102}.Release|Any CPU.Build.0 = Release|Any CPU
		{5C18074A-633D-424D-913C-0A1EEDDC8EF2}.Debug|Any CPU.ActiveCfg = Debug|Any CPU
		{5C18074A-633D-424D-913C-0A1EEDDC8EF2}.Debug|Any CPU.Build.0 = Debug|Any CPU
		{5C18074A-633D-424D-913C-0A1EEDDC8EF2}.Release|Any CPU.ActiveCfg = Release|Any CPU
		{5C18074A-633D-424D-913C-0A1EEDDC8EF2}.Release|Any CPU.Build.0 = Release|Any CPU
		{D174FA72-7243-493D-AC38-8BC0A079463C}.Debug|Any CPU.ActiveCfg = Debug|Any CPU
		{D174FA72-7243-493D-AC38-8BC0A079463C}.Debug|Any CPU.Build.0 = Debug|Any CPU
		{D174FA72-7243-493D-AC38-8BC0A079463C}.Release|Any CPU.ActiveCfg = Release|Any CPU
		{D174FA72-7243-493D-AC38-8BC0A079463C}.Release|Any CPU.Build.0 = Release|Any CPU
		{A08AE60B-EBBB-44C1-890C-3B6AB6D0DB01}.Debug|Any CPU.ActiveCfg = Debug|Any CPU
		{A08AE60B-EBBB-44C1-890C-3B6AB6D0DB01}.Debug|Any CPU.Build.0 = Debug|Any CPU
		{A08AE60B-EBBB-44C1-890C-3B6AB6D0DB01}.Release|Any CPU.ActiveCfg = Release|Any CPU
		{A08AE60B-EBBB-44C1-890C-3B6AB6D0DB01}.Release|Any CPU.Build.0 = Release|Any CPU
		{99FF11DB-D1A1-4B67-A0C5-9EC9E83E15FA}.Debug|Any CPU.ActiveCfg = Debug|Any CPU
		{99FF11DB-D1A1-4B67-A0C5-9EC9E83E15FA}.Debug|Any CPU.Build.0 = Debug|Any CPU
		{99FF11DB-D1A1-4B67-A0C5-9EC9E83E15FA}.Release|Any CPU.ActiveCfg = Release|Any CPU
		{99FF11DB-D1A1-4B67-A0C5-9EC9E83E15FA}.Release|Any CPU.Build.0 = Release|Any CPU
		{18183B54-0B1D-4BC1-AC39-3AF7688CA040}.Debug|Any CPU.ActiveCfg = Debug|Any CPU
		{18183B54-0B1D-4BC1-AC39-3AF7688CA040}.Debug|Any CPU.Build.0 = Debug|Any CPU
		{18183B54-0B1D-4BC1-AC39-3AF7688CA040}.Release|Any CPU.ActiveCfg = Release|Any CPU
		{18183B54-0B1D-4BC1-AC39-3AF7688CA040}.Release|Any CPU.Build.0 = Release|Any CPU
		{61D6B32C-122D-4142-AB39-EDDB8771A12D}.Debug|Any CPU.ActiveCfg = Debug|Any CPU
		{61D6B32C-122D-4142-AB39-EDDB8771A12D}.Debug|Any CPU.Build.0 = Debug|Any CPU
		{61D6B32C-122D-4142-AB39-EDDB8771A12D}.Release|Any CPU.ActiveCfg = Release|Any CPU
		{61D6B32C-122D-4142-AB39-EDDB8771A12D}.Release|Any CPU.Build.0 = Release|Any CPU
		{3A1E28FB-72DA-4153-B467-F8FFA266055C}.Debug|Any CPU.ActiveCfg = Debug|Any CPU
		{3A1E28FB-72DA-4153-B467-F8FFA266055C}.Debug|Any CPU.Build.0 = Debug|Any CPU
		{3A1E28FB-72DA-4153-B467-F8FFA266055C}.Release|Any CPU.ActiveCfg = Release|Any CPU
		{3A1E28FB-72DA-4153-B467-F8FFA266055C}.Release|Any CPU.Build.0 = Release|Any CPU
		{5F9183FF-F83E-4E4C-8955-A6759FF8DCD3}.Debug|Any CPU.ActiveCfg = Debug|Any CPU
		{5F9183FF-F83E-4E4C-8955-A6759FF8DCD3}.Debug|Any CPU.Build.0 = Debug|Any CPU
		{5F9183FF-F83E-4E4C-8955-A6759FF8DCD3}.Release|Any CPU.ActiveCfg = Release|Any CPU
		{5F9183FF-F83E-4E4C-8955-A6759FF8DCD3}.Release|Any CPU.Build.0 = Release|Any CPU
		{E45CBF43-FD9B-4E50-8633-04523888E2A5}.Debug|Any CPU.ActiveCfg = Debug|Any CPU
		{E45CBF43-FD9B-4E50-8633-04523888E2A5}.Debug|Any CPU.Build.0 = Debug|Any CPU
		{E45CBF43-FD9B-4E50-8633-04523888E2A5}.Release|Any CPU.ActiveCfg = Release|Any CPU
		{E45CBF43-FD9B-4E50-8633-04523888E2A5}.Release|Any CPU.Build.0 = Release|Any CPU
		{4E8A8B2B-ADF1-45DE-A840-C01BE6DF1CAF}.Debug|Any CPU.ActiveCfg = Debug|Any CPU
		{4E8A8B2B-ADF1-45DE-A840-C01BE6DF1CAF}.Debug|Any CPU.Build.0 = Debug|Any CPU
		{4E8A8B2B-ADF1-45DE-A840-C01BE6DF1CAF}.Release|Any CPU.ActiveCfg = Release|Any CPU
		{4E8A8B2B-ADF1-45DE-A840-C01BE6DF1CAF}.Release|Any CPU.Build.0 = Release|Any CPU
		{D27A6431-B9A1-4C59-BEB8-EB6A30345312}.Debug|Any CPU.ActiveCfg = Debug|Any CPU
		{D27A6431-B9A1-4C59-BEB8-EB6A30345312}.Debug|Any CPU.Build.0 = Debug|Any CPU
		{D27A6431-B9A1-4C59-BEB8-EB6A30345312}.Release|Any CPU.ActiveCfg = Release|Any CPU
		{D27A6431-B9A1-4C59-BEB8-EB6A30345312}.Release|Any CPU.Build.0 = Release|Any CPU
		{3448CCAC-E3B3-4046-87AF-1644BE59F6A7}.Debug|Any CPU.ActiveCfg = Debug|Any CPU
		{3448CCAC-E3B3-4046-87AF-1644BE59F6A7}.Debug|Any CPU.Build.0 = Debug|Any CPU
		{3448CCAC-E3B3-4046-87AF-1644BE59F6A7}.Release|Any CPU.ActiveCfg = Release|Any CPU
		{3448CCAC-E3B3-4046-87AF-1644BE59F6A7}.Release|Any CPU.Build.0 = Release|Any CPU
		{369E6BC9-7D5B-4D3D-8D6E-C0BC4F8A1723}.Debug|Any CPU.ActiveCfg = Debug|Any CPU
		{369E6BC9-7D5B-4D3D-8D6E-C0BC4F8A1723}.Debug|Any CPU.Build.0 = Debug|Any CPU
		{369E6BC9-7D5B-4D3D-8D6E-C0BC4F8A1723}.Release|Any CPU.ActiveCfg = Release|Any CPU
		{369E6BC9-7D5B-4D3D-8D6E-C0BC4F8A1723}.Release|Any CPU.Build.0 = Release|Any CPU
		{D2DC29D9-DFBE-4EAA-AD74-CB80AC6BDA08}.Debug|Any CPU.ActiveCfg = Debug|Any CPU
		{D2DC29D9-DFBE-4EAA-AD74-CB80AC6BDA08}.Debug|Any CPU.Build.0 = Debug|Any CPU
		{D2DC29D9-DFBE-4EAA-AD74-CB80AC6BDA08}.Release|Any CPU.ActiveCfg = Release|Any CPU
		{D2DC29D9-DFBE-4EAA-AD74-CB80AC6BDA08}.Release|Any CPU.Build.0 = Release|Any CPU
		{2D536894-0029-4A25-8CB4-720B3DF8E079}.Debug|Any CPU.ActiveCfg = Debug|Any CPU
		{2D536894-0029-4A25-8CB4-720B3DF8E079}.Debug|Any CPU.Build.0 = Debug|Any CPU
		{2D536894-0029-4A25-8CB4-720B3DF8E079}.Release|Any CPU.ActiveCfg = Release|Any CPU
		{2D536894-0029-4A25-8CB4-720B3DF8E079}.Release|Any CPU.Build.0 = Release|Any CPU
		{AD2A5A48-55E2-4F07-81AF-406C972F9412}.Debug|Any CPU.ActiveCfg = Debug|Any CPU
		{AD2A5A48-55E2-4F07-81AF-406C972F9412}.Debug|Any CPU.Build.0 = Debug|Any CPU
		{AD2A5A48-55E2-4F07-81AF-406C972F9412}.Release|Any CPU.ActiveCfg = Release|Any CPU
		{AD2A5A48-55E2-4F07-81AF-406C972F9412}.Release|Any CPU.Build.0 = Release|Any CPU
		{5084BFCB-9CC9-435A-B655-9E70B3FEDF69}.Debug|Any CPU.ActiveCfg = Debug|Any CPU
		{5084BFCB-9CC9-435A-B655-9E70B3FEDF69}.Debug|Any CPU.Build.0 = Debug|Any CPU
		{5084BFCB-9CC9-435A-B655-9E70B3FEDF69}.Release|Any CPU.ActiveCfg = Release|Any CPU
		{5084BFCB-9CC9-435A-B655-9E70B3FEDF69}.Release|Any CPU.Build.0 = Release|Any CPU
		{0438F498-3CF3-4E2F-821E-50AB0409B5C4}.Debug|Any CPU.ActiveCfg = Debug|Any CPU
		{0438F498-3CF3-4E2F-821E-50AB0409B5C4}.Debug|Any CPU.Build.0 = Debug|Any CPU
		{0438F498-3CF3-4E2F-821E-50AB0409B5C4}.Release|Any CPU.ActiveCfg = Release|Any CPU
		{0438F498-3CF3-4E2F-821E-50AB0409B5C4}.Release|Any CPU.Build.0 = Release|Any CPU
		{3A37C587-4A42-42EF-9704-897E55E0CD20}.Debug|Any CPU.ActiveCfg = Debug|Any CPU
		{3A37C587-4A42-42EF-9704-897E55E0CD20}.Debug|Any CPU.Build.0 = Debug|Any CPU
		{3A37C587-4A42-42EF-9704-897E55E0CD20}.Release|Any CPU.ActiveCfg = Release|Any CPU
		{3A37C587-4A42-42EF-9704-897E55E0CD20}.Release|Any CPU.Build.0 = Release|Any CPU
	EndGlobalSection
	GlobalSection(SolutionProperties) = preSolution
		HideSolutionNode = FALSE
	EndGlobalSection
	GlobalSection(ExtensibilityGlobals) = postSolution
		SolutionGuid = {889FDC23-2178-42E3-ACC0-0E067A6D2459}
	EndGlobalSection
EndGlobal
